%{"certifi": {:hex, :certifi, "1.0.0", "1c787a85b1855ba354f0b8920392c19aa1d06b0ee1362f9141279620a5be2039", [:rebar3], []},
  "eavro": {:git, "https://github.com/SIfoxDevTeam/eavro.git", "86c15327f10455ce93746dbf03d3e07c0acbea77", []},
  "erlavro": {:git, "https://github.com/klarna/erlavro", "19daa06201102f5eda27a0c234405f9e4ae517b9", []},
  "ex_aws": {:hex, :ex_aws, "1.1.2", "b78416d0a84efe92c22e5df8ba7ca028d63b2b4228f95871a1ecf10324b6493b", [:mix], [{:configparser_ex, "~> 0.2.1", [hex: :configparser_ex, optional: true]}, {:hackney, "1.6.3 or 1.6.5 or 1.7.1", [hex: :hackney, optional: true]}, {:jsx, "~> 2.8", [hex: :jsx, optional: true]}, {:poison, ">= 1.2.0", [hex: :poison, optional: true]}, {:sweet_xml, "~> 0.6", [hex: :sweet_xml, optional: true]}, {:xml_builder, "~> 0.0.6", [hex: :xml_builder, optional: true]}]},
  "gen_stage": {:hex, :gen_stage, "0.11.0", "943bdfa85c75fa624e0a36a9d135baad20a523be040178f5a215444b45c66ea4", [:mix], []},
  "hackney": {:hex, :hackney, "1.7.1", "e238c52c5df3c3b16ce613d3a51c7220a784d734879b1e231c9babd433ac1cb4", [:rebar3], [{:certifi, "1.0.0", [hex: :certifi, optional: false]}, {:idna, "4.0.0", [hex: :idna, optional: false]}, {:metrics, "1.0.1", [hex: :metrics, optional: false]}, {:mimerl, "1.0.2", [hex: :mimerl, optional: false]}, {:ssl_verify_fun, "1.1.1", [hex: :ssl_verify_fun, optional: false]}]},
  "idna": {:hex, :idna, "4.0.0", "10aaa9f79d0b12cf0def53038547855b91144f1bfcc0ec73494f38bb7b9c4961", [:rebar3], []},
  "jsone": {:git, "https://github.com/sile/jsone", "e533179d651cc356556bbe5e4b7caddb0919d593", [tag: "1.4.3"]},
  "jsx": {:git, "https://github.com/talentdeficit/jsx.git", "d011411c23e9f8c29d98aa1b7a50ddf9709b6a60", [tag: "v1.4.5"]},
  "metrics": {:hex, :metrics, "1.0.1", "25f094dea2cda98213cecc3aeff09e940299d950904393b2a29d191c346a8486", [:rebar3], []},
  "mimerl": {:hex, :mimerl, "1.0.2", "993f9b0e084083405ed8252b99460c4f0563e41729ab42d9074fd5e52439be88", [:rebar3], []},
  "poison": {:hex, :poison, "2.2.0", "4763b69a8a77bd77d26f477d196428b741261a761257ff1cf92753a0d4d24a63", [:mix], []},
  "ranch": {:git, "https://github.com/extend/ranch.git", "22e0f96a6ca9288dca338ffec53f15da06abd839", [ref: "22e0f96"]},
  "ssl_verify_fun": {:hex, :ssl_verify_fun, "1.1.1", "28a4d65b7f59893bc2c7de786dec1e1555bd742d336043fe644ae956c3497fbe", [:make, :rebar], []},
  "zlists": {:git, "https://github.com/vjache/erlang-zlists.git", "6a7a626b52ab004f152792877b83f09dfaea07d5", [branch: "master"]}}
